
Microsoft Visual Studio Solution File, Format Version 12.00
# Visual Studio Version 17
VisualStudioVersion = 17.1.32414.318
MinimumVisualStudioVersion = 10.0.40219.1
Project("{FAE04EC0-301F-11D3-BF4B-00C04F79EFBC}") = "BirthdayMessage", "BirthdayMessage\BirthdayMessage.csproj", "{DDD2C4A4-37F6-4065-B238-D3F4A8CAFDFF}"
EndProject
Global
	GlobalSection(SolutionConfigurationPlatforms) = preSolution
		Debug|Any CPU = Debug|Any CPU
		Release|Any CPU = Release|Any CPU
	EndGlobalSection
	GlobalSection(ProjectConfigurationPlatforms) = postSolution
		{DDD2C4A4-37F6-4065-B238-D3F4A8CAFDFF}.Debug|Any CPU.ActiveCfg = Debug|Any CPU
		{DDD2C4A4-37F6-4065-B238-D3F4A8CAFDFF}.Debug|Any CPU.Build.0 = Debug|Any CPU
		{DDD2C4A4-37F6-4065-B238-D3F4A8CAFDFF}.Release|Any CPU.ActiveCfg = Release|Any CPU
		{DDD2C4A4-37F6-4065-B238-D3F4A8CAFDFF}.Release|Any CPU.Build.0 = Release|Any CPU
	EndGlobalSection
	GlobalSection(SolutionProperties) = preSolution
		HideSolutionNode = FALSE
	EndGlobalSection
	GlobalSection(ExtensibilityGlobals) = postSolution
		SolutionGuid = {9E8EEEBF-6478-40ED-8C45-788CE214D203}
	EndGlobalSection
EndGlobal
